// !$*UTF8*$!
{
	archiveVersion = 1;
	classes = {
	};
	objectVersion = 55;
	objects = {

/* Begin PBXBuildFile section */
		8F08514E2792318000E1316C /* Localizable.strings in Resources */ = {isa = PBXBuildFile; fileRef = 8F0851502792318000E1316C /* Localizable.strings */; };
		8F178F582791018C00AF8821 /* AlertToast in Frameworks */ = {isa = PBXBuildFile; productRef = 8F178F572791018C00AF8821 /* AlertToast */; };
		8F178F5D279107CD00AF8821 /* Constants.swift in Sources */ = {isa = PBXBuildFile; fileRef = 8F178F5C279107CD00AF8821 /* Constants.swift */; };
		8F1ABAE927910B5E00221ED6 /* Utils.swift in Sources */ = {isa = PBXBuildFile; fileRef = 8F1ABAE827910B5E00221ED6 /* Utils.swift */; };
		8F28379827925ECD000A942B /* Options.swift in Sources */ = {isa = PBXBuildFile; fileRef = 8F28379727925ECD000A942B /* Options.swift */; };
		8F6BD1CF2790D6E0005E0781 /* BetterPasswordApp.swift in Sources */ = {isa = PBXBuildFile; fileRef = 8F6BD1CE2790D6E0005E0781 /* BetterPasswordApp.swift */; };
		8F6BD1D12790D6E0005E0781 /* GeneratorView.swift in Sources */ = {isa = PBXBuildFile; fileRef = 8F6BD1D02790D6E0005E0781 /* GeneratorView.swift */; };
		8F6BD1D32790D6E1005E0781 /* Assets.xcassets in Resources */ = {isa = PBXBuildFile; fileRef = 8F6BD1D22790D6E1005E0781 /* Assets.xcassets */; };
		8F6BD1D62790D6E1005E0781 /* Preview Assets.xcassets in Resources */ = {isa = PBXBuildFile; fileRef = 8F6BD1D52790D6E1005E0781 /* Preview Assets.xcassets */; };
		8F93C131279271CA005436E5 /* GeneratorViewModel.swift in Sources */ = {isa = PBXBuildFile; fileRef = 8F93C130279271CA005436E5 /* GeneratorViewModel.swift */; };
		8FD4568D279A2EF30090FE81 /* SettingsView.swift in Sources */ = {isa = PBXBuildFile; fileRef = 8FD4568C279A2EF30090FE81 /* SettingsView.swift */; };
/* End PBXBuildFile section */

/* Begin PBXFileReference section */
		8F08514B27922CF700E1316C /* Better-Password-Info.plist */ = {isa = PBXFileReference; lastKnownFileType = text.plist; path = "Better-Password-Info.plist"; sourceTree = SOURCE_ROOT; };
		8F08514F2792318000E1316C /* en */ = {isa = PBXFileReference; lastKnownFileType = text.plist.strings; name = en; path = en.lproj/Localizable.strings; sourceTree = "<group>"; };
		8F0851522792364300E1316C /* de */ = {isa = PBXFileReference; lastKnownFileType = text.plist.strings; name = de; path = de.lproj/Localizable.strings; sourceTree = "<group>"; };
		8F178F5C279107CD00AF8821 /* Constants.swift */ = {isa = PBXFileReference; lastKnownFileType = sourcecode.swift; path = Constants.swift; sourceTree = "<group>"; };
		8F1ABAE827910B5E00221ED6 /* Utils.swift */ = {isa = PBXFileReference; lastKnownFileType = sourcecode.swift; path = Utils.swift; sourceTree = "<group>"; };
		8F28379727925ECD000A942B /* Options.swift */ = {isa = PBXFileReference; lastKnownFileType = sourcecode.swift; path = Options.swift; sourceTree = "<group>"; };
		8F6BD1CB2790D6E0005E0781 /* Better Password.app */ = {isa = PBXFileReference; explicitFileType = wrapper.application; includeInIndex = 0; path = "Better Password.app"; sourceTree = BUILT_PRODUCTS_DIR; };
		8F6BD1CE2790D6E0005E0781 /* BetterPasswordApp.swift */ = {isa = PBXFileReference; lastKnownFileType = sourcecode.swift; path = BetterPasswordApp.swift; sourceTree = "<group>"; };
		8F6BD1D02790D6E0005E0781 /* GeneratorView.swift */ = {isa = PBXFileReference; lastKnownFileType = sourcecode.swift; path = GeneratorView.swift; sourceTree = "<group>"; };
		8F6BD1D22790D6E1005E0781 /* Assets.xcassets */ = {isa = PBXFileReference; lastKnownFileType = folder.assetcatalog; path = Assets.xcassets; sourceTree = "<group>"; };
		8F6BD1D52790D6E1005E0781 /* Preview Assets.xcassets */ = {isa = PBXFileReference; lastKnownFileType = folder.assetcatalog; path = "Preview Assets.xcassets"; sourceTree = "<group>"; };
		8F93C130279271CA005436E5 /* GeneratorViewModel.swift */ = {isa = PBXFileReference; lastKnownFileType = sourcecode.swift; path = GeneratorViewModel.swift; sourceTree = "<group>"; };
		8FD4568C279A2EF30090FE81 /* SettingsView.swift */ = {isa = PBXFileReference; lastKnownFileType = sourcecode.swift; path = SettingsView.swift; sourceTree = "<group>"; };
/* End PBXFileReference section */

/* Begin PBXFrameworksBuildPhase section */
		8F6BD1C82790D6E0005E0781 /* Frameworks */ = {
			isa = PBXFrameworksBuildPhase;
			buildActionMask = 2147483647;
			files = (
				8F178F582791018C00AF8821 /* AlertToast in Frameworks */,
			);
			runOnlyForDeploymentPostprocessing = 0;
		};
/* End PBXFrameworksBuildPhase section */

/* Begin PBXGroup section */
		8F178F592791079D00AF8821 /* Utils */ = {
			isa = PBXGroup;
			children = (
				8F1ABAE827910B5E00221ED6 /* Utils.swift */,
			);
			path = Utils;
			sourceTree = "<group>";
		};
		8F4BF59E279AB036005AA577 /* Modules */ = {
			isa = PBXGroup;
			children = (
				8F4BF5A0279AB077005AA577 /* Content */,
				8F4BF59F279AB03C005AA577 /* Settings */,
			);
			path = Modules;
			sourceTree = "<group>";
		};
		8F4BF59F279AB03C005AA577 /* Settings */ = {
			isa = PBXGroup;
			children = (
				8FD4568C279A2EF30090FE81 /* SettingsView.swift */,
			);
			path = Settings;
			sourceTree = "<group>";
		};
		8F4BF5A0279AB077005AA577 /* Content */ = {
			isa = PBXGroup;
			children = (
				8F93C130279271CA005436E5 /* GeneratorViewModel.swift */,
				8F6BD1D02790D6E0005E0781 /* GeneratorView.swift */,
			);
			path = Content;
			sourceTree = "<group>";
		};
		8F6BD1C22790D6E0005E0781 = {
			isa = PBXGroup;
			children = (
				8F6BD1CD2790D6E0005E0781 /* Better Password */,
				8F6BD1CC2790D6E0005E0781 /* Products */,
			);
			sourceTree = "<group>";
		};
		8F6BD1CC2790D6E0005E0781 /* Products */ = {
			isa = PBXGroup;
			children = (
				8F6BD1CB2790D6E0005E0781 /* Better Password.app */,
			);
			name = Products;
			sourceTree = "<group>";
		};
		8F6BD1CD2790D6E0005E0781 /* Better Password */ = {
			isa = PBXGroup;
			children = (
				8FC076792791132300470D0B /* Models */,
				8F4BF59E279AB036005AA577 /* Modules */,
				8F178F592791079D00AF8821 /* Utils */,
				8F178F5C279107CD00AF8821 /* Constants.swift */,
				8F6BD1CE2790D6E0005E0781 /* BetterPasswordApp.swift */,
				8F08514B27922CF700E1316C /* Better-Password-Info.plist */,
				8F6BD1D22790D6E1005E0781 /* Assets.xcassets */,
				8F0851502792318000E1316C /* Localizable.strings */,
				8F6BD1D42790D6E1005E0781 /* Preview Content */,
			);
			path = "Better Password";
			sourceTree = "<group>";
		};
		8F6BD1D42790D6E1005E0781 /* Preview Content */ = {
			isa = PBXGroup;
			children = (
				8F6BD1D52790D6E1005E0781 /* Preview Assets.xcassets */,
			);
			path = "Preview Content";
			sourceTree = "<group>";
		};
		8FC076792791132300470D0B /* Models */ = {
			isa = PBXGroup;
			children = (
				8F28379727925ECD000A942B /* Options.swift */,
			);
			path = Models;
			sourceTree = "<group>";
		};
/* End PBXGroup section */

/* Begin PBXNativeTarget section */
		8F6BD1CA2790D6E0005E0781 /* Better Password */ = {
			isa = PBXNativeTarget;
			buildConfigurationList = 8F6BD1D92790D6E1005E0781 /* Build configuration list for PBXNativeTarget "Better Password" */;
			buildPhases = (
				8F6BD1C72790D6E0005E0781 /* Sources */,
				8F6BD1C82790D6E0005E0781 /* Frameworks */,
				8F6BD1C92790D6E0005E0781 /* Resources */,
			);
			buildRules = (
			);
			dependencies = (
			);
			name = "Better Password";
			packageProductDependencies = (
				8F178F572791018C00AF8821 /* AlertToast */,
			);
			productName = "Better Password";
			productReference = 8F6BD1CB2790D6E0005E0781 /* Better Password.app */;
			productType = "com.apple.product-type.application";
		};
/* End PBXNativeTarget section */

/* Begin PBXProject section */
		8F6BD1C32790D6E0005E0781 /* Project object */ = {
			isa = PBXProject;
			attributes = {
				BuildIndependentTargetsInParallel = 1;
				LastSwiftUpdateCheck = 1320;
				LastUpgradeCheck = 1320;
				TargetAttributes = {
					8F6BD1CA2790D6E0005E0781 = {
						CreatedOnToolsVersion = 13.2;
					};
				};
			};
			buildConfigurationList = 8F6BD1C62790D6E0005E0781 /* Build configuration list for PBXProject "Better Password" */;
			compatibilityVersion = "Xcode 13.0";
			developmentRegion = en;
			hasScannedForEncodings = 0;
			knownRegions = (
				en,
				Base,
				de,
			);
			mainGroup = 8F6BD1C22790D6E0005E0781;
			packageReferences = (
				8F178F562791018C00AF8821 /* XCRemoteSwiftPackageReference "AlertToast" */,
			);
			productRefGroup = 8F6BD1CC2790D6E0005E0781 /* Products */;
			projectDirPath = "";
			projectRoot = "";
			targets = (
				8F6BD1CA2790D6E0005E0781 /* Better Password */,
			);
		};
/* End PBXProject section */

/* Begin PBXResourcesBuildPhase section */
		8F6BD1C92790D6E0005E0781 /* Resources */ = {
			isa = PBXResourcesBuildPhase;
			buildActionMask = 2147483647;
			files = (
				8F6BD1D62790D6E1005E0781 /* Preview Assets.xcassets in Resources */,
				8F08514E2792318000E1316C /* Localizable.strings in Resources */,
				8F6BD1D32790D6E1005E0781 /* Assets.xcassets in Resources */,
			);
			runOnlyForDeploymentPostprocessing = 0;
		};
/* End PBXResourcesBuildPhase section */

/* Begin PBXSourcesBuildPhase section */
		8F6BD1C72790D6E0005E0781 /* Sources */ = {
			isa = PBXSourcesBuildPhase;
			buildActionMask = 2147483647;
			files = (
				8FD4568D279A2EF30090FE81 /* SettingsView.swift in Sources */,
				8F1ABAE927910B5E00221ED6 /* Utils.swift in Sources */,
				8F6BD1D12790D6E0005E0781 /* GeneratorView.swift in Sources */,
				8F6BD1CF2790D6E0005E0781 /* BetterPasswordApp.swift in Sources */,
				8F178F5D279107CD00AF8821 /* Constants.swift in Sources */,
				8F28379827925ECD000A942B /* Options.swift in Sources */,
				8F93C131279271CA005436E5 /* GeneratorViewModel.swift in Sources */,
			);
			runOnlyForDeploymentPostprocessing = 0;
		};
/* End PBXSourcesBuildPhase section */

/* Begin PBXVariantGroup section */
		8F0851502792318000E1316C /* Localizable.strings */ = {
			isa = PBXVariantGroup;
			children = (
				8F08514F2792318000E1316C /* en */,
				8F0851522792364300E1316C /* de */,
			);
			name = Localizable.strings;
			sourceTree = "<group>";
		};
/* End PBXVariantGroup section */

/* Begin XCBuildConfiguration section */
		8F6BD1D72790D6E1005E0781 /* Debug */ = {
			isa = XCBuildConfiguration;
			buildSettings = {
				ALWAYS_SEARCH_USER_PATHS = NO;
				CLANG_ANALYZER_LOCALIZABILITY_NONLOCALIZED = YES;
				CLANG_ANALYZER_NONNULL = YES;
				CLANG_ANALYZER_NUMBER_OBJECT_CONVERSION = YES_AGGRESSIVE;
				CLANG_CXX_LANGUAGE_STANDARD = "gnu++17";
				CLANG_CXX_LIBRARY = "libc++";
				CLANG_ENABLE_MODULES = YES;
				CLANG_ENABLE_OBJC_ARC = YES;
				CLANG_ENABLE_OBJC_WEAK = YES;
				CLANG_WARN_BLOCK_CAPTURE_AUTORELEASING = YES;
				CLANG_WARN_BOOL_CONVERSION = YES;
				CLANG_WARN_COMMA = YES;
				CLANG_WARN_CONSTANT_CONVERSION = YES;
				CLANG_WARN_DEPRECATED_OBJC_IMPLEMENTATIONS = YES;
				CLANG_WARN_DIRECT_OBJC_ISA_USAGE = YES_ERROR;
				CLANG_WARN_DOCUMENTATION_COMMENTS = YES;
				CLANG_WARN_EMPTY_BODY = YES;
				CLANG_WARN_ENUM_CONVERSION = YES;
				CLANG_WARN_INFINITE_RECURSION = YES;
				CLANG_WARN_INT_CONVERSION = YES;
				CLANG_WARN_NON_LITERAL_NULL_CONVERSION = YES;
				CLANG_WARN_OBJC_IMPLICIT_RETAIN_SELF = YES;
				CLANG_WARN_OBJC_LITERAL_CONVERSION = YES;
				CLANG_WARN_OBJC_ROOT_CLASS = YES_ERROR;
				CLANG_WARN_QUOTED_INCLUDE_IN_FRAMEWORK_HEADER = YES;
				CLANG_WARN_RANGE_LOOP_ANALYSIS = YES;
				CLANG_WARN_STRICT_PROTOTYPES = YES;
				CLANG_WARN_SUSPICIOUS_MOVE = YES;
				CLANG_WARN_UNGUARDED_AVAILABILITY = YES_AGGRESSIVE;
				CLANG_WARN_UNREACHABLE_CODE = YES;
				CLANG_WARN__DUPLICATE_METHOD_MATCH = YES;
				COPY_PHASE_STRIP = NO;
				DEBUG_INFORMATION_FORMAT = dwarf;
				ENABLE_STRICT_OBJC_MSGSEND = YES;
				ENABLE_TESTABILITY = YES;
				GCC_C_LANGUAGE_STANDARD = gnu11;
				GCC_DYNAMIC_NO_PIC = NO;
				GCC_NO_COMMON_BLOCKS = YES;
				GCC_OPTIMIZATION_LEVEL = 0;
				GCC_PREPROCESSOR_DEFINITIONS = (
					"DEBUG=1",
					"$(inherited)",
				);
				GCC_WARN_64_TO_32_BIT_CONVERSION = YES;
				GCC_WARN_ABOUT_RETURN_TYPE = YES_ERROR;
				GCC_WARN_UNDECLARED_SELECTOR = YES;
				GCC_WARN_UNINITIALIZED_AUTOS = YES_AGGRESSIVE;
				GCC_WARN_UNUSED_FUNCTION = YES;
				GCC_WARN_UNUSED_VARIABLE = YES;
				IPHONEOS_DEPLOYMENT_TARGET = 14.0;
				MTL_ENABLE_DEBUG_INFO = INCLUDE_SOURCE;
				MTL_FAST_MATH = YES;
				ONLY_ACTIVE_ARCH = YES;
				SDKROOT = iphoneos;
				SWIFT_ACTIVE_COMPILATION_CONDITIONS = DEBUG;
				SWIFT_OPTIMIZATION_LEVEL = "-Onone";
			};
			name = Debug;
		};
		8F6BD1D82790D6E1005E0781 /* Release */ = {
			isa = XCBuildConfiguration;
			buildSettings = {
				ALWAYS_SEARCH_USER_PATHS = NO;
				CLANG_ANALYZER_LOCALIZABILITY_NONLOCALIZED = YES;
				CLANG_ANALYZER_NONNULL = YES;
				CLANG_ANALYZER_NUMBER_OBJECT_CONVERSION = YES_AGGRESSIVE;
				CLANG_CXX_LANGUAGE_STANDARD = "gnu++17";
				CLANG_CXX_LIBRARY = "libc++";
				CLANG_ENABLE_MODULES = YES;
				CLANG_ENABLE_OBJC_ARC = YES;
				CLANG_ENABLE_OBJC_WEAK = YES;
				CLANG_WARN_BLOCK_CAPTURE_AUTORELEASING = YES;
				CLANG_WARN_BOOL_CONVERSION = YES;
				CLANG_WARN_COMMA = YES;
				CLANG_WARN_CONSTANT_CONVERSION = YES;
				CLANG_WARN_DEPRECATED_OBJC_IMPLEMENTATIONS = YES;
				CLANG_WARN_DIRECT_OBJC_ISA_USAGE = YES_ERROR;
				CLANG_WARN_DOCUMENTATION_COMMENTS = YES;
				CLANG_WARN_EMPTY_BODY = YES;
				CLANG_WARN_ENUM_CONVERSION = YES;
				CLANG_WARN_INFINITE_RECURSION = YES;
				CLANG_WARN_INT_CONVERSION = YES;
				CLANG_WARN_NON_LITERAL_NULL_CONVERSION = YES;
				CLANG_WARN_OBJC_IMPLICIT_RETAIN_SELF = YES;
				CLANG_WARN_OBJC_LITERAL_CONVERSION = YES;
				CLANG_WARN_OBJC_ROOT_CLASS = YES_ERROR;
				CLANG_WARN_QUOTED_INCLUDE_IN_FRAMEWORK_HEADER = YES;
				CLANG_WARN_RANGE_LOOP_ANALYSIS = YES;
				CLANG_WARN_STRICT_PROTOTYPES = YES;
				CLANG_WARN_SUSPICIOUS_MOVE = YES;
				CLANG_WARN_UNGUARDED_AVAILABILITY = YES_AGGRESSIVE;
				CLANG_WARN_UNREACHABLE_CODE = YES;
				CLANG_WARN__DUPLICATE_METHOD_MATCH = YES;
				COPY_PHASE_STRIP = NO;
				DEBUG_INFORMATION_FORMAT = "dwarf-with-dsym";
				ENABLE_NS_ASSERTIONS = NO;
				ENABLE_STRICT_OBJC_MSGSEND = YES;
				GCC_C_LANGUAGE_STANDARD = gnu11;
				GCC_NO_COMMON_BLOCKS = YES;
				GCC_WARN_64_TO_32_BIT_CONVERSION = YES;
				GCC_WARN_ABOUT_RETURN_TYPE = YES_ERROR;
				GCC_WARN_UNDECLARED_SELECTOR = YES;
				GCC_WARN_UNINITIALIZED_AUTOS = YES_AGGRESSIVE;
				GCC_WARN_UNUSED_FUNCTION = YES;
				GCC_WARN_UNUSED_VARIABLE = YES;
				IPHONEOS_DEPLOYMENT_TARGET = 14.0;
				MTL_ENABLE_DEBUG_INFO = NO;
				MTL_FAST_MATH = YES;
				SDKROOT = iphoneos;
				SWIFT_COMPILATION_MODE = wholemodule;
				SWIFT_OPTIMIZATION_LEVEL = "-O";
				VALIDATE_PRODUCT = YES;
			};
			name = Release;
		};
		8F6BD1DA2790D6E1005E0781 /* Debug */ = {
			isa = XCBuildConfiguration;
			buildSettings = {
				ASSETCATALOG_COMPILER_APPICON_NAME = AppIcon;
				ASSETCATALOG_COMPILER_GLOBAL_ACCENT_COLOR_NAME = AccentColor;
				CODE_SIGN_IDENTITY = "Apple Development";
				"CODE_SIGN_IDENTITY[sdk=macosx*]" = "Apple Development";
				CODE_SIGN_STYLE = Automatic;
				CURRENT_PROJECT_VERSION = 1;
				DEVELOPMENT_ASSET_PATHS = "\"Better Password/Preview Content\"";
				DEVELOPMENT_TEAM = Q6ERXZ3Z5B;
				ENABLE_PREVIEWS = YES;
				GENERATE_INFOPLIST_FILE = YES;
				INFOPLIST_FILE = "Better-Password-Info.plist";
				INFOPLIST_KEY_CFBundleDisplayName = "";
				INFOPLIST_KEY_LSApplicationCategoryType = "public.app-category.utilities";
				INFOPLIST_KEY_UIApplicationSceneManifest_Generation = YES;
				INFOPLIST_KEY_UIApplicationSupportsIndirectInputEvents = YES;
				INFOPLIST_KEY_UIStatusBarHidden = YES;
				INFOPLIST_KEY_UISupportedInterfaceOrientations = UIInterfaceOrientationPortrait;
				INFOPLIST_KEY_UISupportedInterfaceOrientations_iPad = "UIInterfaceOrientationPortrait UIInterfaceOrientationPortraitUpsideDown UIInterfaceOrientationLandscapeLeft UIInterfaceOrientationLandscapeRight";
				INFOPLIST_KEY_UISupportedInterfaceOrientations_iPhone = UIInterfaceOrientationPortrait;
				LD_RUNPATH_SEARCH_PATHS = (
					"$(inherited)",
					"@executable_path/Frameworks",
				);
				MARKETING_VERSION = 1.4;
				PRODUCT_BUNDLE_IDENTIFIER = app.domnc.betterpassword;
				PRODUCT_NAME = "$(TARGET_NAME)";
				PROVISIONING_PROFILE_SPECIFIER = "";
				"PROVISIONING_PROFILE_SPECIFIER[sdk=macosx*]" = "";
				SUPPORTS_MACCATALYST = YES;
				SUPPORTS_MAC_DESIGNED_FOR_IPHONE_IPAD = NO;
				SWIFT_EMIT_LOC_STRINGS = YES;
				SWIFT_VERSION = 5.0;
				TARGETED_DEVICE_FAMILY = "1,2,6";
			};
			name = Debug;
		};
		8F6BD1DB2790D6E1005E0781 /* Release */ = {
			isa = XCBuildConfiguration;
			buildSettings = {
				ASSETCATALOG_COMPILER_APPICON_NAME = AppIcon;
				ASSETCATALOG_COMPILER_GLOBAL_ACCENT_COLOR_NAME = AccentColor;
				CODE_SIGN_IDENTITY = "Apple Development";
				"CODE_SIGN_IDENTITY[sdk=macosx*]" = "Apple Development";
				CODE_SIGN_STYLE = Automatic;
				CURRENT_PROJECT_VERSION = 1;
				DEVELOPMENT_ASSET_PATHS = "\"Better Password/Preview Content\"";
				DEVELOPMENT_TEAM = Q6ERXZ3Z5B;
				ENABLE_PREVIEWS = YES;
				GENERATE_INFOPLIST_FILE = YES;
				INFOPLIST_FILE = "Better-Password-Info.plist";
				INFOPLIST_KEY_CFBundleDisplayName = "";
				INFOPLIST_KEY_LSApplicationCategoryType = "public.app-category.utilities";
				INFOPLIST_KEY_UIApplicationSceneManifest_Generation = YES;
				INFOPLIST_KEY_UIApplicationSupportsIndirectInputEvents = YES;
				INFOPLIST_KEY_UIStatusBarHidden = YES;
				INFOPLIST_KEY_UISupportedInterfaceOrientations = UIInterfaceOrientationPortrait;
				INFOPLIST_KEY_UISupportedInterfaceOrientations_iPad = "UIInterfaceOrientationPortrait UIInterfaceOrientationPortraitUpsideDown UIInterfaceOrientationLandscapeLeft UIInterfaceOrientationLandscapeRight";
				INFOPLIST_KEY_UISupportedInterfaceOrientations_iPhone = UIInterfaceOrientationPortrait;
				LD_RUNPATH_SEARCH_PATHS = (
					"$(inherited)",
					"@executable_path/Frameworks",
				);
				MARKETING_VERSION = 1.4;
				PRODUCT_BUNDLE_IDENTIFIER = app.domnc.betterpassword;
				PRODUCT_NAME = "$(TARGET_NAME)";
				PROVISIONING_PROFILE_SPECIFIER = "";
				"PROVISIONING_PROFILE_SPECIFIER[sdk=macosx*]" = "";
				SUPPORTS_MACCATALYST = YES;
				SUPPORTS_MAC_DESIGNED_FOR_IPHONE_IPAD = NO;
				SWIFT_EMIT_LOC_STRINGS = YES;
				SWIFT_VERSION = 5.0;
				TARGETED_DEVICE_FAMILY = "1,2,6";
			};
			name = Release;
		};
/* End XCBuildConfiguration section */

/* Begin XCConfigurationList section */
		8F6BD1C62790D6E0005E0781 /* Build configuration list for PBXProject "Better Password" */ = {
			isa = XCConfigurationList;
			buildConfigurations = (
				8F6BD1D72790D6E1005E0781 /* Debug */,
				8F6BD1D82790D6E1005E0781 /* Release */,
			);
			defaultConfigurationIsVisible = 0;
			defaultConfigurationName = Release;
		};
		8F6BD1D92790D6E1005E0781 /* Build configuration list for PBXNativeTarget "Better Password" */ = {
			isa = XCConfigurationList;
			buildConfigurations = (
				8F6BD1DA2790D6E1005E0781 /* Debug */,
				8F6BD1DB2790D6E1005E0781 /* Release */,
			);
			defaultConfigurationIsVisible = 0;
			defaultConfigurationName = Release;
		};
/* End XCConfigurationList section */

/* Begin XCRemoteSwiftPackageReference section */
		8F178F562791018C00AF8821 /* XCRemoteSwiftPackageReference "AlertToast" */ = {
			isa = XCRemoteSwiftPackageReference;
			repositoryURL = "https://github.com/elai950/AlertToast.git";
			requirement = {
				kind = revision;
				revision = 551a7590ca9976c079123c330b7332cbfbfce47b;
			};
		};
/* End XCRemoteSwiftPackageReference section */

/* Begin XCSwiftPackageProductDependency section */
		8F178F572791018C00AF8821 /* AlertToast */ = {
			isa = XCSwiftPackageProductDependency;
			package = 8F178F562791018C00AF8821 /* XCRemoteSwiftPackageReference "AlertToast" */;
			productName = AlertToast;
		};
/* End XCSwiftPackageProductDependency section */
	};
	rootObject = 8F6BD1C32790D6E0005E0781 /* Project object */;
}
